
Microsoft Visual Studio Solution File, Format Version 12.00
# Visual Studio Version 17
VisualStudioVersion = 17.14.36414.22
MinimumVisualStudioVersion = 10.0.40219.1
Project("{FAE04EC0-301F-11D3-BF4B-00C04F79EFBC}") = "FigurasGeometricas", "FigurasGeometricas\FigurasGeometricas.csproj", "{2FDFFA6A-11A2-4ECC-AEBD-13A3D8832D40}"
EndProject
Project("{FAE04EC0-301F-11D3-BF4B-00C04F79EFBC}") = "Empleados", "Empleados\Empleados.csproj", "{B4D52E60-DCC4-4FA2-B983-D344933D8D65}"
EndProject
Project("{FAE04EC0-301F-11D3-BF4B-00C04F79EFBC}") = "SistAnimales", "SistAnimales\SistAnimales.csproj", "{C3CAF225-D280-4DDA-87AA-7E3424F81E13}"
EndProject
Project("{FAE04EC0-301F-11D3-BF4B-00C04F79EFBC}") = "SistNotificaciones", "SistNotificaciones\SistNotificaciones.csproj", "{F80393E9-ACCC-4CAA-A013-CE15D9991F3F}"
EndProject
Project("{FAE04EC0-301F-11D3-BF4B-00C04F79EFBC}") = "ListaTareas", "ListaTareas\ListaTareas.csproj", "{0E1B631C-AF73-466C-924D-7C0E0FD02E54}"
EndProject
Global
	GlobalSection(SolutionConfigurationPlatforms) = preSolution
		Debug|Any CPU = Debug|Any CPU
		Release|Any CPU = Release|Any CPU
	EndGlobalSection
	GlobalSection(ProjectConfigurationPlatforms) = postSolution
		{2FDFFA6A-11A2-4ECC-AEBD-13A3D8832D40}.Debug|Any CPU.ActiveCfg = Debug|Any CPU
		{2FDFFA6A-11A2-4ECC-AEBD-13A3D8832D40}.Debug|Any CPU.Build.0 = Debug|Any CPU
		{2FDFFA6A-11A2-4ECC-AEBD-13A3D8832D40}.Release|Any CPU.ActiveCfg = Release|Any CPU
		{2FDFFA6A-11A2-4ECC-AEBD-13A3D8832D40}.Release|Any CPU.Build.0 = Release|Any CPU
		{B4D52E60-DCC4-4FA2-B983-D344933D8D65}.Debug|Any CPU.ActiveCfg = Debug|Any CPU
		{B4D52E60-DCC4-4FA2-B983-D344933D8D65}.Debug|Any CPU.Build.0 = Debug|Any CPU
		{B4D52E60-DCC4-4FA2-B983-D344933D8D65}.Release|Any CPU.ActiveCfg = Release|Any CPU
		{B4D52E60-DCC4-4FA2-B983-D344933D8D65}.Release|Any CPU.Build.0 = Release|Any CPU
		{C3CAF225-D280-4DDA-87AA-7E3424F81E13}.Debug|Any CPU.ActiveCfg = Debug|Any CPU
		{C3CAF225-D280-4DDA-87AA-7E3424F81E13}.Debug|Any CPU.Build.0 = Debug|Any CPU
		{C3CAF225-D280-4DDA-87AA-7E3424F81E13}.Release|Any CPU.ActiveCfg = Release|Any CPU
		{C3CAF225-D280-4DDA-87AA-7E3424F81E13}.Release|Any CPU.Build.0 = Release|Any CPU
		{F80393E9-ACCC-4CAA-A013-CE15D9991F3F}.Debug|Any CPU.ActiveCfg = Debug|Any CPU
		{F80393E9-ACCC-4CAA-A013-CE15D9991F3F}.Debug|Any CPU.Build.0 = Debug|Any CPU
		{F80393E9-ACCC-4CAA-A013-CE15D9991F3F}.Release|Any CPU.ActiveCfg = Release|Any CPU
		{F80393E9-ACCC-4CAA-A013-CE15D9991F3F}.Release|Any CPU.Build.0 = Release|Any CPU
		{0E1B631C-AF73-466C-924D-7C0E0FD02E54}.Debug|Any CPU.ActiveCfg = Debug|Any CPU
		{0E1B631C-AF73-466C-924D-7C0E0FD02E54}.Debug|Any CPU.Build.0 = Debug|Any CPU
		{0E1B631C-AF73-466C-924D-7C0E0FD02E54}.Release|Any CPU.ActiveCfg = Release|Any CPU
		{0E1B631C-AF73-466C-924D-7C0E0FD02E54}.Release|Any CPU.Build.0 = Release|Any CPU
	EndGlobalSection
	GlobalSection(SolutionProperties) = preSolution
		HideSolutionNode = FALSE
	EndGlobalSection
	GlobalSection(ExtensibilityGlobals) = postSolution
		SolutionGuid = {00CDC397-E247-4216-807B-3F1C9DBA80F9}
	EndGlobalSection
EndGlobal
